// !$*UTF8*$!
{
	archiveVersion = 1;
	classes = {
	};
	objectVersion = 77;
	objects = {

/* Begin PBXContainerItemProxy section */
		2F6BC0722EF2425000D19EAB /* PBXContainerItemProxy */ = {
			isa = PBXContainerItemProxy;
			containerPortal = 2F6BC05C2EF2424C00D19EAB /* Project object */;
			proxyType = 1;
			remoteGlobalIDString = 2F6BC0632EF2424C00D19EAB;
			remoteInfo = "Hisaab-Kitaab";
		};
		2F6BC07C2EF2425000D19EAB /* PBXContainerItemProxy */ = {
			isa = PBXContainerItemProxy;
			containerPortal = 2F6BC05C2EF2424C00D19EAB /* Project object */;
			proxyType = 1;
			remoteGlobalIDString = 2F6BC0632EF2424C00D19EAB;
			remoteInfo = "Hisaab-Kitaab";
		};
/* End PBXContainerItemProxy section */

/* Begin PBXFileReference section */
		2F6BC0642EF2424C00D19EAB /* Hisaab-Kitaab.app */ = {isa = PBXFileReference; explicitFileType = wrapper.application; includeInIndex = 0; path = "Hisaab-Kitaab.app"; sourceTree = BUILT_PRODUCTS_DIR; };
		2F6BC0712EF2425000D19EAB /* Hisaab-KitaabTests.xctest */ = {isa = PBXFileReference; explicitFileType = wrapper.cfbundle; includeInIndex = 0; path = "Hisaab-KitaabTests.xctest"; sourceTree = BUILT_PRODUCTS_DIR; };
		2F6BC07B2EF2425000D19EAB /* Hisaab-KitaabUITests.xctest */ = {isa = PBXFileReference; explicitFileType = wrapper.cfbundle; includeInIndex = 0; path = "Hisaab-KitaabUITests.xctest"; sourceTree = BUILT_PRODUCTS_DIR; };
/* End PBXFileReference section */

/* Begin PBXFileSystemSynchronizedRootGroup section */
		2F6BC0662EF2424C00D19EAB /* Hisaab-Kitaab */ = {
			isa = PBXFileSystemSynchronizedRootGroup;
			path = "Hisaab-Kitaab";
			sourceTree = "<group>";
		};
		2F6BC0742EF2425000D19EAB /* Hisaab-KitaabTests */ = {
			isa = PBXFileSystemSynchronizedRootGroup;
			path = "Hisaab-KitaabTests";
			sourceTree = "<group>";
		};
		2F6BC07E2EF2425000D19EAB /* Hisaab-KitaabUITests */ = {
			isa = PBXFileSystemSynchronizedRootGroup;
			path = "Hisaab-KitaabUITests";
			sourceTree = "<group>";
		};
/* End PBXFileSystemSynchronizedRootGroup section */

/* Begin PBXFrameworksBuildPhase section */
		2F6BC0612EF2424C00D19EAB /* Frameworks */ = {
			isa = PBXFrameworksBuildPhase;
			buildActionMask = 2147483647;
			files = (
			);
			runOnlyForDeploymentPostprocessing = 0;
		};
		2F6BC06E2EF2425000D19EAB /* Frameworks */ = {
			isa = PBXFrameworksBuildPhase;
			buildActionMask = 2147483647;
			files = (
			);
			runOnlyForDeploymentPostprocessing = 0;
		};
		2F6BC0782EF2425000D19EAB /* Frameworks */ = {
			isa = PBXFrameworksBuildPhase;
			buildActionMask = 2147483647;
			files = (
			);
			runOnlyForDeploymentPostprocessing = 0;
		};
/* End PBXFrameworksBuildPhase section */

/* Begin PBXGroup section */
		2F6BC05B2EF2424C00D19EAB = {
			isa = PBXGroup;
			children = (
				2F6BC0662EF2424C00D19EAB /* Hisaab-Kitaab */,
				2F6BC0742EF2425000D19EAB /* Hisaab-KitaabTests */,
				2F6BC07E2EF2425000D19EAB /* Hisaab-KitaabUITests */,
				2F6BC0652EF2424C00D19EAB /* Products */,
			);
			sourceTree = "<group>";
		};
		2F6BC0652EF2424C00D19EAB /* Products */ = {
			isa = PBXGroup;
			children = (
				2F6BC0642EF2424C00D19EAB /* Hisaab-Kitaab.app */,
				2F6BC0712EF2425000D19EAB /* Hisaab-KitaabTests.xctest */,
				2F6BC07B2EF2425000D19EAB /* Hisaab-KitaabUITests.xctest */,
			);
			name = Products;
			sourceTree = "<group>";
		};
/* End PBXGroup section */

/* Begin PBXNativeTarget section */
		2F6BC0632EF2424C00D19EAB /* Hisaab-Kitaab */ = {
			isa = PBXNativeTarget;
			buildConfigurationList = 2F6BC0852EF2425000D19EAB /* Build configuration list for PBXNativeTarget "Hisaab-Kitaab" */;
			buildPhases = (
				2F6BC0602EF2424C00D19EAB /* Sources */,
				2F6BC0612EF2424C00D19EAB /* Frameworks */,
				2F6BC0622EF2424C00D19EAB /* Resources */,
			);
			buildRules = (
			);
			dependencies = (
			);
			fileSystemSynchronizedGroups = (
				2F6BC0662EF2424C00D19EAB /* Hisaab-Kitaab */,
			);
			name = "Hisaab-Kitaab";
			packageProductDependencies = (
			);
			productName = "Hisaab-Kitaab";
			productReference = 2F6BC0642EF2424C00D19EAB /* Hisaab-Kitaab.app */;
			productType = "com.apple.product-type.application";
		};
		2F6BC0702EF2425000D19EAB /* Hisaab-KitaabTests */ = {
			isa = PBXNativeTarget;
			buildConfigurationList = 2F6BC0882EF2425000D19EAB /* Build configuration list for PBXNativeTarget "Hisaab-KitaabTests" */;
			buildPhases = (
				2F6BC06D2EF2425000D19EAB /* Sources */,
				2F6BC06E2EF2425000D19EAB /* Frameworks */,
				2F6BC06F2EF2425000D19EAB /* Resources */,
			);
			buildRules = (
			);
			dependencies = (
				2F6BC0732EF2425000D19EAB /* PBXTargetDependency */,
			);
			fileSystemSynchronizedGroups = (
				2F6BC0742EF2425000D19EAB /* Hisaab-KitaabTests */,
			);
			name = "Hisaab-KitaabTests";
			packageProductDependencies = (
			);
			productName = "Hisaab-KitaabTests";
			productReference = 2F6BC0712EF2425000D19EAB /* Hisaab-KitaabTests.xctest */;
			productType = "com.apple.product-type.bundle.unit-test";
		};
		2F6BC07A2EF2425000D19EAB /* Hisaab-KitaabUITests */ = {
			isa = PBXNativeTarget;
			buildConfigurationList = 2F6BC08B2EF2425000D19EAB /* Build configuration list for PBXNativeTarget "Hisaab-KitaabUITests" */;
			buildPhases = (
				2F6BC0772EF2425000D19EAB /* Sources */,
				2F6BC0782EF2425000D19EAB /* Frameworks */,
				2F6BC0792EF2425000D19EAB /* Resources */,
			);
			buildRules = (
			);
			dependencies = (
				2F6BC07D2EF2425000D19EAB /* PBXTargetDependency */,
			);
			fileSystemSynchronizedGroups = (
				2F6BC07E2EF2425000D19EAB /* Hisaab-KitaabUITests */,
			);
			name = "Hisaab-KitaabUITests";
			packageProductDependencies = (
			);
			productName = "Hisaab-KitaabUITests";
			productReference = 2F6BC07B2EF2425000D19EAB /* Hisaab-KitaabUITests.xctest */;
			productType = "com.apple.product-type.bundle.ui-testing";
		};
/* End PBXNativeTarget section */

/* Begin PBXProject section */
		2F6BC05C2EF2424C00D19EAB /* Project object */ = {
			isa = PBXProject;
			attributes = {
				BuildIndependentTargetsInParallel = 1;
				LastSwiftUpdateCheck = 2620;
				LastUpgradeCheck = 2620;
				TargetAttributes = {
					2F6BC0632EF2424C00D19EAB = {
						CreatedOnToolsVersion = 26.2;
					};
					2F6BC0702EF2425000D19EAB = {
						CreatedOnToolsVersion = 26.2;
						TestTargetID = 2F6BC0632EF2424C00D19EAB;
					};
					2F6BC07A2EF2425000D19EAB = {
						CreatedOnToolsVersion = 26.2;
						TestTargetID = 2F6BC0632EF2424C00D19EAB;
					};
				};
			};
			buildConfigurationList = 2F6BC05F2EF2424C00D19EAB /* Build configuration list for PBXProject "Hisaab-Kitaab" */;
			developmentRegion = en;
			hasScannedForEncodings = 0;
			knownRegions = (
				en,
				Base,
			);
			mainGroup = 2F6BC05B2EF2424C00D19EAB;
			minimizedProjectReferenceProxies = 1;
			preferredProjectObjectVersion = 77;
			productRefGroup = 2F6BC0652EF2424C00D19EAB /* Products */;
			projectDirPath = "";
			projectRoot = "";
			targets = (
				2F6BC0632EF2424C00D19EAB /* Hisaab-Kitaab */,
				2F6BC0702EF2425000D19EAB /* Hisaab-KitaabTests */,
				2F6BC07A2EF2425000D19EAB /* Hisaab-KitaabUITests */,
			);
		};
/* End PBXProject section */

/* Begin PBXResourcesBuildPhase section */
		2F6BC0622EF2424C00D19EAB /* Resources */ = {
			isa = PBXResourcesBuildPhase;
			buildActionMask = 2147483647;
			files = (
			);
			runOnlyForDeploymentPostprocessing = 0;
		};
		2F6BC06F2EF2425000D19EAB /* Resources */ = {
			isa = PBXResourcesBuildPhase;
			buildActionMask = 2147483647;
			files = (
			);
			runOnlyForDeploymentPostprocessing = 0;
		};
		2F6BC0792EF2425000D19EAB /* Resources */ = {
			isa = PBXResourcesBuildPhase;
			buildActionMask = 2147483647;
			files = (
			);
			runOnlyForDeploymentPostprocessing = 0;
		};
/* End PBXResourcesBuildPhase section */

/* Begin PBXSourcesBuildPhase section */
		2F6BC0602EF2424C00D19EAB /* Sources */ = {
			isa = PBXSourcesBuildPhase;
			buildActionMask = 2147483647;
			files = (
			);
			runOnlyForDeploymentPostprocessing = 0;
		};
		2F6BC06D2EF2425000D19EAB /* Sources */ = {
			isa = PBXSourcesBuildPhase;
			buildActionMask = 2147483647;
			files = (
			);
			runOnlyForDeploymentPostprocessing = 0;
		};
		2F6BC0772EF2425000D19EAB /* Sources */ = {
			isa = PBXSourcesBuildPhase;
			buildActionMask = 2147483647;
			files = (
			);
			runOnlyForDeploymentPostprocessing = 0;
		};
/* End PBXSourcesBuildPhase section */

/* Begin PBXTargetDependency section */
		2F6BC0732EF2425000D19EAB /* PBXTargetDependency */ = {
			isa = PBXTargetDependency;
			target = 2F6BC0632EF2424C00D19EAB /* Hisaab-Kitaab */;
			targetProxy = 2F6BC0722EF2425000D19EAB /* PBXContainerItemProxy */;
		};
		2F6BC07D2EF2425000D19EAB /* PBXTargetDependency */ = {
			isa = PBXTargetDependency;
			target = 2F6BC0632EF2424C00D19EAB /* Hisaab-Kitaab */;
			targetProxy = 2F6BC07C2EF2425000D19EAB /* PBXContainerItemProxy */;
		};
/* End PBXTargetDependency section */

/* Begin XCBuildConfiguration section */
		2F6BC0832EF2425000D19EAB /* Debug */ = {
			isa = XCBuildConfiguration;
			buildSettings = {
				ALWAYS_SEARCH_USER_PATHS = NO;
				ASSETCATALOG_COMPILER_GENERATE_SWIFT_ASSET_SYMBOL_EXTENSIONS = YES;
				CLANG_ANALYZER_NONNULL = YES;
				CLANG_ANALYZER_NUMBER_OBJECT_CONVERSION = YES_AGGRESSIVE;
				CLANG_CXX_LANGUAGE_STANDARD = "gnu++20";
				CLANG_ENABLE_MODULES = YES;
				CLANG_ENABLE_OBJC_ARC = YES;
				CLANG_ENABLE_OBJC_WEAK = YES;
				CLANG_WARN_BLOCK_CAPTURE_AUTORELEASING = YES;
				CLANG_WARN_BOOL_CONVERSION = YES;
				CLANG_WARN_COMMA = YES;
				CLANG_WARN_CONSTANT_CONVERSION = YES;
				CLANG_WARN_DEPRECATED_OBJC_IMPLEMENTATIONS = YES;
				CLANG_WARN_DIRECT_OBJC_ISA_USAGE = YES_ERROR;
				CLANG_WARN_DOCUMENTATION_COMMENTS = YES;
				CLANG_WARN_EMPTY_BODY = YES;
				CLANG_WARN_ENUM_CONVERSION = YES;
				CLANG_WARN_INFINITE_RECURSION = YES;
				CLANG_WARN_INT_CONVERSION = YES;
				CLANG_WARN_NON_LITERAL_NULL_CONVERSION = YES;
				CLANG_WARN_OBJC_IMPLICIT_RETAIN_SELF = YES;
				CLANG_WARN_OBJC_LITERAL_CONVERSION = YES;
				CLANG_WARN_OBJC_ROOT_CLASS = YES_ERROR;
				CLANG_WARN_QUOTED_INCLUDE_IN_FRAMEWORK_HEADER = YES;
				CLANG_WARN_RANGE_LOOP_ANALYSIS = YES;
				CLANG_WARN_STRICT_PROTOTYPES = YES;
				CLANG_WARN_SUSPICIOUS_MOVE = YES;
				CLANG_WARN_UNGUARDED_AVAILABILITY = YES_AGGRESSIVE;
				CLANG_WARN_UNREACHABLE_CODE = YES;
				CLANG_WARN__DUPLICATE_METHOD_MATCH = YES;
				COPY_PHASE_STRIP = NO;
				DEBUG_INFORMATION_FORMAT = dwarf;
				ENABLE_STRICT_OBJC_MSGSEND = YES;
				ENABLE_TESTABILITY = YES;
				ENABLE_USER_SCRIPT_SANDBOXING = YES;
				GCC_C_LANGUAGE_STANDARD = gnu17;
				GCC_DYNAMIC_NO_PIC = NO;
				GCC_NO_COMMON_BLOCKS = YES;
				GCC_OPTIMIZATION_LEVEL = 0;
				GCC_PREPROCESSOR_DEFINITIONS = (
					"DEBUG=1",
					"$(inherited)",
				);
				GCC_WARN_64_TO_32_BIT_CONVERSION = YES;
				GCC_WARN_ABOUT_RETURN_TYPE = YES_ERROR;
				GCC_WARN_UNDECLARED_SELECTOR = YES;
				GCC_WARN_UNINITIALIZED_AUTOS = YES_AGGRESSIVE;
				GCC_WARN_UNUSED_FUNCTION = YES;
				GCC_WARN_UNUSED_VARIABLE = YES;
				IPHONEOS_DEPLOYMENT_TARGET = 26.2;
				LOCALIZATION_PREFERS_STRING_CATALOGS = YES;
				MTL_ENABLE_DEBUG_INFO = INCLUDE_SOURCE;
				MTL_FAST_MATH = YES;
				ONLY_ACTIVE_ARCH = YES;
				SDKROOT = iphoneos;
				SWIFT_ACTIVE_COMPILATION_CONDITIONS = "DEBUG $(inherited)";
				SWIFT_OPTIMIZATION_LEVEL = "-Onone";
			};
			name = Debug;
		};
		2F6BC0842EF2425000D19EAB /* Release */ = {
			isa = XCBuildConfiguration;
			buildSettings = {
				ALWAYS_SEARCH_USER_PATHS = NO;
				ASSETCATALOG_COMPILER_GENERATE_SWIFT_ASSET_SYMBOL_EXTENSIONS = YES;
				CLANG_ANALYZER_NONNULL = YES;
				CLANG_ANALYZER_NUMBER_OBJECT_CONVERSION = YES_AGGRESSIVE;
				CLANG_CXX_LANGUAGE_STANDARD = "gnu++20";
				CLANG_ENABLE_MODULES = YES;
				CLANG_ENABLE_OBJC_ARC = YES;
				CLANG_ENABLE_OBJC_WEAK = YES;
				CLANG_WARN_BLOCK_CAPTURE_AUTORELEASING = YES;
				CLANG_WARN_BOOL_CONVERSION = YES;
				CLANG_WARN_COMMA = YES;
				CLANG_WARN_CONSTANT_CONVERSION = YES;
				CLANG_WARN_DEPRECATED_OBJC_IMPLEMENTATIONS = YES;
				CLANG_WARN_DIRECT_OBJC_ISA_USAGE = YES_ERROR;
				CLANG_WARN_DOCUMENTATION_COMMENTS = YES;
				CLANG_WARN_EMPTY_BODY = YES;
				CLANG_WARN_ENUM_CONVERSION = YES;
				CLANG_WARN_INFINITE_RECURSION = YES;
				CLANG_WARN_INT_CONVERSION = YES;
				CLANG_WARN_NON_LITERAL_NULL_CONVERSION = YES;
				CLANG_WARN_OBJC_IMPLICIT_RETAIN_SELF = YES;
				CLANG_WARN_OBJC_LITERAL_CONVERSION = YES;
				CLANG_WARN_OBJC_ROOT_CLASS = YES_ERROR;
				CLANG_WARN_QUOTED_INCLUDE_IN_FRAMEWORK_HEADER = YES;
				CLANG_WARN_RANGE_LOOP_ANALYSIS = YES;
				CLANG_WARN_STRICT_PROTOTYPES = YES;
				CLANG_WARN_SUSPICIOUS_MOVE = YES;
				CLANG_WARN_UNGUARDED_AVAILABILITY = YES_AGGRESSIVE;
				CLANG_WARN_UNREACHABLE_CODE = YES;
				CLANG_WARN__DUPLICATE_METHOD_MATCH = YES;
				COPY_PHASE_STRIP = NO;
				DEBUG_INFORMATION_FORMAT = "dwarf-with-dsym";
				ENABLE_NS_ASSERTIONS = NO;
				ENABLE_STRICT_OBJC_MSGSEND = YES;
				ENABLE_USER_SCRIPT_SANDBOXING = YES;
				GCC_C_LANGUAGE_STANDARD = gnu17;
				GCC_NO_COMMON_BLOCKS = YES;
				GCC_WARN_64_TO_32_BIT_CONVERSION = YES;
				GCC_WARN_ABOUT_RETURN_TYPE = YES_ERROR;
				GCC_WARN_UNDECLARED_SELECTOR = YES;
				GCC_WARN_UNINITIALIZED_AUTOS = YES_AGGRESSIVE;
				GCC_WARN_UNUSED_FUNCTION = YES;
				GCC_WARN_UNUSED_VARIABLE = YES;
				IPHONEOS_DEPLOYMENT_TARGET = 26.2;
				LOCALIZATION_PREFERS_STRING_CATALOGS = YES;
				MTL_ENABLE_DEBUG_INFO = NO;
				MTL_FAST_MATH = YES;
				SDKROOT = iphoneos;
				SWIFT_COMPILATION_MODE = wholemodule;
				VALIDATE_PRODUCT = YES;
			};
			name = Release;
		};
		2F6BC0862EF2425000D19EAB /* Debug */ = {
			isa = XCBuildConfiguration;
			buildSettings = {
				ASSETCATALOG_COMPILER_APPICON_NAME = AppIcon;
				ASSETCATALOG_COMPILER_GLOBAL_ACCENT_COLOR_NAME = AccentColor;
				CODE_SIGN_STYLE = Automatic;
				CURRENT_PROJECT_VERSION = 1;
				ENABLE_PREVIEWS = YES;
				GENERATE_INFOPLIST_FILE = YES;
				INFOPLIST_KEY_UIApplicationSceneManifest_Generation = YES;
				INFOPLIST_KEY_UIApplicationSupportsIndirectInputEvents = YES;
				INFOPLIST_KEY_UILaunchScreen_Generation = YES;
				INFOPLIST_KEY_UISupportedInterfaceOrientations_iPad = "UIInterfaceOrientationPortrait UIInterfaceOrientationPortraitUpsideDown UIInterfaceOrientationLandscapeLeft UIInterfaceOrientationLandscapeRight";
				INFOPLIST_KEY_UISupportedInterfaceOrientations_iPhone = "UIInterfaceOrientationPortrait UIInterfaceOrientationLandscapeLeft UIInterfaceOrientationLandscapeRight";
				LD_RUNPATH_SEARCH_PATHS = (
					"$(inherited)",
					"@executable_path/Frameworks",
				);
				MARKETING_VERSION = 1.0;
				PRODUCT_BUNDLE_IDENTIFIER = "CodeLiners.Hisaab-Kitaab";
				PRODUCT_NAME = "$(TARGET_NAME)";
				STRING_CATALOG_GENERATE_SYMBOLS = YES;
				SWIFT_APPROACHABLE_CONCURRENCY = YES;
				SWIFT_DEFAULT_ACTOR_ISOLATION = MainActor;
				SWIFT_EMIT_LOC_STRINGS = YES;
				SWIFT_UPCOMING_FEATURE_MEMBER_IMPORT_VISIBILITY = YES;
				SWIFT_VERSION = 5.0;
				TARGETED_DEVICE_FAMILY = "1,2";
			};
			name = Debug;
		};
		2F6BC0872EF2425000D19EAB /* Release */ = {
			isa = XCBuildConfiguration;
			buildSettings = {
				ASSETCATALOG_COMPILER_APPICON_NAME = AppIcon;
				ASSETCATALOG_COMPILER_GLOBAL_ACCENT_COLOR_NAME = AccentColor;
				CODE_SIGN_STYLE = Automatic;
				CURRENT_PROJECT_VERSION = 1;
				ENABLE_PREVIEWS = YES;
				GENERATE_INFOPLIST_FILE = YES;
				INFOPLIST_KEY_UIApplicationSceneManifest_Generation = YES;
				INFOPLIST_KEY_UIApplicationSupportsIndirectInputEvents = YES;
				INFOPLIST_KEY_UILaunchScreen_Generation = YES;
				INFOPLIST_KEY_UISupportedInterfaceOrientations_iPad = "UIInterfaceOrientationPortrait UIInterfaceOrientationPortraitUpsideDown UIInterfaceOrientationLandscapeLeft UIInterfaceOrientationLandscapeRight";
				INFOPLIST_KEY_UISupportedInterfaceOrientations_iPhone = "UIInterfaceOrientationPortrait UIInterfaceOrientationLandscapeLeft UIInterfaceOrientationLandscapeRight";
				LD_RUNPATH_SEARCH_PATHS = (
					"$(inherited)",
					"@executable_path/Frameworks",
				);
				MARKETING_VERSION = 1.0;
				PRODUCT_BUNDLE_IDENTIFIER = "CodeLiners.Hisaab-Kitaab";
				PRODUCT_NAME = "$(TARGET_NAME)";
				STRING_CATALOG_GENERATE_SYMBOLS = YES;
				SWIFT_APPROACHABLE_CONCURRENCY = YES;
				SWIFT_DEFAULT_ACTOR_ISOLATION = MainActor;
				SWIFT_EMIT_LOC_STRINGS = YES;
				SWIFT_UPCOMING_FEATURE_MEMBER_IMPORT_VISIBILITY = YES;
				SWIFT_VERSION = 5.0;
				TARGETED_DEVICE_FAMILY = "1,2";
			};
			name = Release;
		};
		2F6BC0892EF2425000D19EAB /* Debug */ = {
			isa = XCBuildConfiguration;
			buildSettings = {
				BUNDLE_LOADER = "$(TEST_HOST)";
				CODE_SIGN_STYLE = Automatic;
				CURRENT_PROJECT_VERSION = 1;
				GENERATE_INFOPLIST_FILE = YES;
				IPHONEOS_DEPLOYMENT_TARGET = 26.2;
				MARKETING_VERSION = 1.0;
				PRODUCT_BUNDLE_IDENTIFIER = "CodeLiners.Hisaab-KitaabTests";
				PRODUCT_NAME = "$(TARGET_NAME)";
				STRING_CATALOG_GENERATE_SYMBOLS = NO;
				SWIFT_APPROACHABLE_CONCURRENCY = YES;
				SWIFT_EMIT_LOC_STRINGS = NO;
				SWIFT_UPCOMING_FEATURE_MEMBER_IMPORT_VISIBILITY = YES;
				SWIFT_VERSION = 5.0;
				TARGETED_DEVICE_FAMILY = "1,2";
				TEST_HOST = "$(BUILT_PRODUCTS_DIR)/Hisaab-Kitaab.app/$(BUNDLE_EXECUTABLE_FOLDER_PATH)/Hisaab-Kitaab";
			};
			name = Debug;
		};
		2F6BC08A2EF2425000D19EAB /* Release */ = {
			isa = XCBuildConfiguration;
			buildSettings = {
				BUNDLE_LOADER = "$(TEST_HOST)";
				CODE_SIGN_STYLE = Automatic;
				CURRENT_PROJECT_VERSION = 1;
				GENERATE_INFOPLIST_FILE = YES;
				IPHONEOS_DEPLOYMENT_TARGET = 26.2;
				MARKETING_VERSION = 1.0;
				PRODUCT_BUNDLE_IDENTIFIER = "CodeLiners.Hisaab-KitaabTests";
				PRODUCT_NAME = "$(TARGET_NAME)";
				STRING_CATALOG_GENERATE_SYMBOLS = NO;
				SWIFT_APPROACHABLE_CONCURRENCY = YES;
				SWIFT_EMIT_LOC_STRINGS = NO;
				SWIFT_UPCOMING_FEATURE_MEMBER_IMPORT_VISIBILITY = YES;
				SWIFT_VERSION = 5.0;
				TARGETED_DEVICE_FAMILY = "1,2";
				TEST_HOST = "$(BUILT_PRODUCTS_DIR)/Hisaab-Kitaab.app/$(BUNDLE_EXECUTABLE_FOLDER_PATH)/Hisaab-Kitaab";
			};
			name = Release;
		};
		2F6BC08C2EF2425000D19EAB /* Debug */ = {
			isa = XCBuildConfiguration;
			buildSettings = {
				CODE_SIGN_STYLE = Automatic;
				CURRENT_PROJECT_VERSION = 1;
				GENERATE_INFOPLIST_FILE = YES;
				MARKETING_VERSION = 1.0;
				PRODUCT_BUNDLE_IDENTIFIER = "CodeLiners.Hisaab-KitaabUITests";
				PRODUCT_NAME = "$(TARGET_NAME)";
				STRING_CATALOG_GENERATE_SYMBOLS = NO;
				SWIFT_APPROACHABLE_CONCURRENCY = YES;
				SWIFT_EMIT_LOC_STRINGS = NO;
				SWIFT_UPCOMING_FEATURE_MEMBER_IMPORT_VISIBILITY = YES;
				SWIFT_VERSION = 5.0;
				TARGETED_DEVICE_FAMILY = "1,2";
				TEST_TARGET_NAME = "Hisaab-Kitaab";
			};
			name = Debug;
		};
		2F6BC08D2EF2425000D19EAB /* Release */ = {
			isa = XCBuildConfiguration;
			buildSettings = {
				CODE_SIGN_STYLE = Automatic;
				CURRENT_PROJECT_VERSION = 1;
				GENERATE_INFOPLIST_FILE = YES;
				MARKETING_VERSION = 1.0;
				PRODUCT_BUNDLE_IDENTIFIER = "CodeLiners.Hisaab-KitaabUITests";
				PRODUCT_NAME = "$(TARGET_NAME)";
				STRING_CATALOG_GENERATE_SYMBOLS = NO;
				SWIFT_APPROACHABLE_CONCURRENCY = YES;
				SWIFT_EMIT_LOC_STRINGS = NO;
				SWIFT_UPCOMING_FEATURE_MEMBER_IMPORT_VISIBILITY = YES;
				SWIFT_VERSION = 5.0;
				TARGETED_DEVICE_FAMILY = "1,2";
				TEST_TARGET_NAME = "Hisaab-Kitaab";
			};
			name = Release;
		};
/* End XCBuildConfiguration section */

/* Begin XCConfigurationList section */
		2F6BC05F2EF2424C00D19EAB /* Build configuration list for PBXProject "Hisaab-Kitaab" */ = {
			isa = XCConfigurationList;
			buildConfigurations = (
				2F6BC0832EF2425000D19EAB /* Debug */,
				2F6BC0842EF2425000D19EAB /* Release */,
			);
			defaultConfigurationIsVisible = 0;
			defaultConfigurationName = Release;
		};
		2F6BC0852EF2425000D19EAB /* Build configuration list for PBXNativeTarget "Hisaab-Kitaab" */ = {
			isa = XCConfigurationList;
			buildConfigurations = (
				2F6BC0862EF2425000D19EAB /* Debug */,
				2F6BC0872EF2425000D19EAB /* Release */,
			);
			defaultConfigurationIsVisible = 0;
			defaultConfigurationName = Release;
		};
		2F6BC0882EF2425000D19EAB /* Build configuration list for PBXNativeTarget "Hisaab-KitaabTests" */ = {
			isa = XCConfigurationList;
			buildConfigurations = (
				2F6BC0892EF2425000D19EAB /* Debug */,
				2F6BC08A2EF2425000D19EAB /* Release */,
			);
			defaultConfigurationIsVisible = 0;
			defaultConfigurationName = Release;
		};
		2F6BC08B2EF2425000D19EAB /* Build configuration list for PBXNativeTarget "Hisaab-KitaabUITests" */ = {
			isa = XCConfigurationList;
			buildConfigurations = (
				2F6BC08C2EF2425000D19EAB /* Debug */,
				2F6BC08D2EF2425000D19EAB /* Release */,
			);
			defaultConfigurationIsVisible = 0;
			defaultConfigurationName = Release;
		};
/* End XCConfigurationList section */
	};
	rootObject = 2F6BC05C2EF2424C00D19EAB /* Project object */;
}
